Microsoft Visual Studio Solution File, Format Version 12.00
# Visual Studio Version 17
VisualStudioVersion = 17.5.2.0
MinimumVisualStudioVersion = 10.0.40219.1
Project("{FAE04EC0-301F-11D3-BF4B-00C04F79EFBC}") = "my-dotnet8-webapi", "my-dotnet8-webapi.csproj", "{773C4987-C9CA-07E9-93DD-AE6B0B8C3F47}"
EndProject
Global
	GlobalSection(SolutionConfigurationPlatforms) = preSolution
		Debug|Any CPU = Debug|Any CPU
		Release|Any CPU = Release|Any CPU
	EndGlobalSection
	GlobalSection(ProjectConfigurationPlatforms) = postSolution
		{773C4987-C9CA-07E9-93DD-AE6B0B8C3F47}.Debug|Any CPU.ActiveCfg = Debug|Any CPU
		{773C4987-C9CA-07E9-93DD-AE6B0B8C3F47}.Debug|Any CPU.Build.0 = Debug|Any CPU
		{773C4987-C9CA-07E9-93DD-AE6B0B8C3F47}.Release|Any CPU.ActiveCfg = Release|Any CPU
		{773C4987-C9CA-07E9-93DD-AE6B0B8C3F47}.Release|Any CPU.Build.0 = Release|Any CPU
	EndGlobalSection
	GlobalSection(SolutionProperties) = preSolution
		HideSolutionNode = FALSE
	EndGlobalSection
	GlobalSection(ExtensibilityGlobals) = postSolution
		SolutionGuid = {5293062B-F2F3-4970-B3CB-A8994FC22FA7}
	EndGlobalSection
EndGlobal
